
Microsoft Visual Studio Solution File, Format Version 12.00
# Visual Studio Version 17
VisualStudioVersion = 17.11.35219.272
MinimumVisualStudioVersion = 10.0.40219.1
Project("{FAE04EC0-301F-11D3-BF4B-00C04F79EFBC}") = "SalesWebMVC", "SalesWebMVC\SalesWebMVC.csproj", "{FD4F7259-6C0C-4FDD-A506-55BC2AD21C2F}"
EndProject
Global
	GlobalSection(SolutionConfigurationPlatforms) = preSolution
		Debug|Any CPU = Debug|Any CPU
		Release|Any CPU = Release|Any CPU
	EndGlobalSection
	GlobalSection(ProjectConfigurationPlatforms) = postSolution
		{FD4F7259-6C0C-4FDD-A506-55BC2AD21C2F}.Debug|Any CPU.ActiveCfg = Debug|Any CPU
		{FD4F7259-6C0C-4FDD-A506-55BC2AD21C2F}.Debug|Any CPU.Build.0 = Debug|Any CPU
		{FD4F7259-6C0C-4FDD-A506-55BC2AD21C2F}.Release|Any CPU.ActiveCfg = Release|Any CPU
		{FD4F7259-6C0C-4FDD-A506-55BC2AD21C2F}.Release|Any CPU.Build.0 = Release|Any CPU
	EndGlobalSection
	GlobalSection(SolutionProperties) = preSolution
		HideSolutionNode = FALSE
	EndGlobalSection
	GlobalSection(ExtensibilityGlobals) = postSolution
		SolutionGuid = {013D0C74-A5D6-48C6-BFEB-3ACFC3DE0441}
	EndGlobalSection
EndGlobal
